
Microsoft Visual Studio Solution File, Format Version 12.00
# Visual Studio Version 17
VisualStudioVersion = 17.2.32516.85
MinimumVisualStudioVersion = 10.0.40219.1
Project("{FAE04EC0-301F-11D3-BF4B-00C04F79EFBC}") = "DistribuidoraProductos", "DistribuidoraProductos\DistribuidoraProductos.csproj", "{21870B17-8E76-4AD7-9513-29E0FDEAED99}"
EndProject
Global
	GlobalSection(SolutionConfigurationPlatforms) = preSolution
		Debug|Any CPU = Debug|Any CPU
		Release|Any CPU = Release|Any CPU
	EndGlobalSection
	GlobalSection(ProjectConfigurationPlatforms) = postSolution
		{21870B17-8E76-4AD7-9513-29E0FDEAED99}.Debug|Any CPU.ActiveCfg = Debug|Any CPU
		{21870B17-8E76-4AD7-9513-29E0FDEAED99}.Debug|Any CPU.Build.0 = Debug|Any CPU
		{21870B17-8E76-4AD7-9513-29E0FDEAED99}.Release|Any CPU.ActiveCfg = Release|Any CPU
		{21870B17-8E76-4AD7-9513-29E0FDEAED99}.Release|Any CPU.Build.0 = Release|Any CPU
	EndGlobalSection
	GlobalSection(SolutionProperties) = preSolution
		HideSolutionNode = FALSE
	EndGlobalSection
	GlobalSection(ExtensibilityGlobals) = postSolution
		SolutionGuid = {123FB083-289C-4604-9AFD-EF2CE62AAF1C}
	EndGlobalSection
EndGlobal
